github.com/ahmetb/go-linq v2.0.0-rc0+incompatible h1:H8yA1M8T+1/pyPRUwSOyc30MFrtiP9vgJ2s+lgdaQlM=
github.com/ahmetb/go-linq v2.0.0-rc0+incompatible/go.mod h1:PFffvbdbtw+QTB0WKRP0cNht7vnCfnGlEpak/DVg5cY=
github.com/ahmetb/go-linq/v3 v3.2.0 h1:BEuMfp+b59io8g5wYzNoFe9pWPalRklhlhbiU3hYZDE=
github.com/ahmetb/go-linq/v3 v3.2.0/go.mod h1:haQ3JfOeWK8HpVxMtHHEMPVgBKiYyQ+f1/kLZh/cj9U=
github.com/deckarep/golang-set v1.8.0 h1:sk9/l/KqpunDwP7pSjUg0keiOOLEnOBHzykLrsPppp4=
github.com/deckarep/golang-set v1.8.0/go.mod h1:5nI87KwE7wgsBU1F4GKAw2Qod7p5kyS383rP6+o6qqo=
github.com/emirpasic/gods v1.18.1 h1:FXtiHYKDGKCW2KzwZKx0iC0PQmdlorYgdFG9jPXJ1Bc=
github.com/emirpasic/gods v1.18.1/go.mod h1:8tpGGwCnJ5H4r6BWwaV6OrWmMoPhUl5jm/FMNAnJvWQ=
